
Microsoft Visual Studio Solution File, Format Version 12.00
# Visual Studio Version 17
VisualStudioVersion = 17.8.34511.84
MinimumVisualStudioVersion = 10.0.40219.1
Project("{FAE04EC0-301F-11D3-BF4B-00C04F79EFBC}") = "RealEstateAgency", "RealEstateAgency\RealEstateAgency.csproj", "{13D26346-ABCD-43AD-BC84-43A9AD2748BF}"
EndProject
Global
	GlobalSection(SolutionConfigurationPlatforms) = preSolution
		Debug|Any CPU = Debug|Any CPU
		Release|Any CPU = Release|Any CPU
	EndGlobalSection
	GlobalSection(ProjectConfigurationPlatforms) = postSolution
		{13D26346-ABCD-43AD-BC84-43A9AD2748BF}.Debug|Any CPU.ActiveCfg = Debug|Any CPU
		{13D26346-ABCD-43AD-BC84-43A9AD2748BF}.Debug|Any CPU.Build.0 = Debug|Any CPU
		{13D26346-ABCD-43AD-BC84-43A9AD2748BF}.Release|Any CPU.ActiveCfg = Release|Any CPU
		{13D26346-ABCD-43AD-BC84-43A9AD2748BF}.Release|Any CPU.Build.0 = Release|Any CPU
	EndGlobalSection
	GlobalSection(SolutionProperties) = preSolution
		HideSolutionNode = FALSE
	EndGlobalSection
	GlobalSection(ExtensibilityGlobals) = postSolution
		SolutionGuid = {567FBDC3-8FAA-4009-8DE5-4B48C88C5320}
	EndGlobalSection
EndGlobal
